
Microsoft Visual Studio Solution File, Format Version 12.00
# Visual Studio Version 16
VisualStudioVersion = 16.0.30907.101
MinimumVisualStudioVersion = 10.0.40219.1
Project("{9A19103F-16F7-4668-BE54-9A1E7A4F7556}") = "ValMati.Dotnet-grpc-vs-rest.REST", "ValMati.dotnet-grpc-vs-rest.dotnet31.REST\ValMati.Dotnet-grpc-vs-rest.REST.csproj", "{8DD8D7CD-EA12-4FD6-86D6-717548770459}"
EndProject
Project("{9A19103F-16F7-4668-BE54-9A1E7A4F7556}") = "ValMati.Dotnet-grpc-vs-rest.Domain", "ValMati.Dotnet-grpc-vs-rest.Domain\ValMati.Dotnet-grpc-vs-rest.Domain.csproj", "{BBA12267-CC41-407C-85D7-F97BCCB88DC9}"
EndProject
Global
	GlobalSection(SolutionConfigurationPlatforms) = preSolution
		Debug|Any CPU = Debug|Any CPU
		Release|Any CPU = Release|Any CPU
	EndGlobalSection
	GlobalSection(ProjectConfigurationPlatforms) = postSolution
		{8DD8D7CD-EA12-4FD6-86D6-717548770459}.Debug|Any CPU.ActiveCfg = Debug|Any CPU
		{8DD8D7CD-EA12-4FD6-86D6-717548770459}.Debug|Any CPU.Build.0 = Debug|Any CPU
		{8DD8D7CD-EA12-4FD6-86D6-717548770459}.Release|Any CPU.ActiveCfg = Release|Any CPU
		{8DD8D7CD-EA12-4FD6-86D6-717548770459}.Release|Any CPU.Build.0 = Release|Any CPU
		{49AF7F00-CFF0-4F42-B981-85B7FCB71EE2}.Debug|Any CPU.ActiveCfg = Debug|Any CPU
		{49AF7F00-CFF0-4F42-B981-85B7FCB71EE2}.Debug|Any CPU.Build.0 = Debug|Any CPU
		{49AF7F00-CFF0-4F42-B981-85B7FCB71EE2}.Release|Any CPU.ActiveCfg = Release|Any CPU
		{49AF7F00-CFF0-4F42-B981-85B7FCB71EE2}.Release|Any CPU.Build.0 = Release|Any CPU
		{BBA12267-CC41-407C-85D7-F97BCCB88DC9}.Debug|Any CPU.ActiveCfg = Debug|Any CPU
		{BBA12267-CC41-407C-85D7-F97BCCB88DC9}.Debug|Any CPU.Build.0 = Debug|Any CPU
		{BBA12267-CC41-407C-85D7-F97BCCB88DC9}.Release|Any CPU.ActiveCfg = Release|Any CPU
		{BBA12267-CC41-407C-85D7-F97BCCB88DC9}.Release|Any CPU.Build.0 = Release|Any CPU
	EndGlobalSection
	GlobalSection(SolutionProperties) = preSolution
		HideSolutionNode = FALSE
	EndGlobalSection
	GlobalSection(ExtensibilityGlobals) = postSolution
		SolutionGuid = {7BF55433-45BC-4108-84B1-791675409DF3}
	EndGlobalSection
EndGlobal
